{
  "nodes": {
    "nix": {
      "inputs": {
        "nixpkgs": "nixpkgs"
      },
      "locked": {
        "lastModified": 1614600738,
        "narHash": "sha256-tQu2FB8SK/OogngHtHK5ua/Q210veC7418lnzP5wO74=",
        "owner": "NixOS",
        "repo": "nix",
        "rev": "e64cf8e0a330590ef200359b91f98332e46791c7",
        "type": "github"
      },
      "original": {
        "id": "nix",
        "type": "indirect"
      }
    },
    "nixpkgs": {
      "locked": {
        "lastModified": 1614309161,
        "narHash": "sha256-93kRxDPyEW9QIpxU71kCaV1r+hgOgP6/aVgC7vvO8IU=",
        "owner": "NixOS",
        "repo": "nixpkgs",
        "rev": "0e499fde7af3c28d63e9b13636716b86c3162b93",
        "type": "github"
      },
      "original": {
        "id": "nixpkgs",
        "ref": "nixos-20.09-small",
        "type": "indirect"
      }
    },
    "root": {
      "inputs": {
        "nix": "nix",
        "nixpkgs": [
          "nix",
          "nixpkgs"
        ]
      }
    }
  },
  "root": "root",
  "version": 7
}
